
Microsoft Visual Studio Solution File, Format Version 12.00
# Visual Studio 15
VisualStudioVersion = 15.0.27703.2026
MinimumVisualStudioVersion = 10.0.40219.1
Project("{9A19103F-16F7-4668-BE54-9A1E7A4F7556}") = "Ndc.Web.Api", "Ndc.Web.Api\Ndc.Web.Api.csproj", "{20A5FFE5-836E-4067-ACB3-A1E03CAC1FFC}"
EndProject
Project("{FAE04EC0-301F-11D3-BF4B-00C04F79EFBC}") = "Ndc.Library", "Ndc.Library\Ndc.Library.csproj", "{93A9DE06-4D50-4EFB-8BBC-EFE7277B78DC}"
EndProject
Project("{FAE04EC0-301F-11D3-BF4B-00C04F79EFBC}") = "Ndc.Models", "Ndc.Models\Ndc.Models.csproj", "{22C4B8EF-A2DB-462A-83EE-5E35D592BB71}"
EndProject
Project("{9A19103F-16F7-4668-BE54-9A1E7A4F7556}") = "Ndc.Web.App", "Ndc.Web.App\Ndc.Web.App.csproj", "{507AAB14-8377-41AD-BF42-C198CD737CE8}"
EndProject
Project("{FAE04EC0-301F-11D3-BF4B-00C04F79EFBC}") = "Ndc.Web.Angular", "Ndc.Web.Angular\Ndc.Web.Angular.csproj", "{1445366B-C80B-4F7F-A161-6E76BD86D039}"
EndProject
Project("{2150E333-8FDC-42A3-9474-1A3956D46DE8}") = "Ndc.Core", "Ndc.Core", "{8F552C1C-5986-4DD0-AE54-85C29ED7A230}"
EndProject
Project("{2150E333-8FDC-42A3-9474-1A3956D46DE8}") = "Ndc.Web", "Ndc.Web", "{4AF85A3C-8DF0-4D44-BBCA-37C9076C56A2}"
EndProject
Project("{2150E333-8FDC-42A3-9474-1A3956D46DE8}") = "Ndc.Mobile", "Ndc.Mobile", "{B1E0CB84-4F1F-4395-853A-0CCA4268816D}"
EndProject
Project("{2150E333-8FDC-42A3-9474-1A3956D46DE8}") = "Ndc.Game", "Ndc.Game", "{8563870E-7E91-4491-A998-CABA542DB89B}"
EndProject
Global
	GlobalSection(SolutionConfigurationPlatforms) = preSolution
		Debug|Any CPU = Debug|Any CPU
		Release|Any CPU = Release|Any CPU
	EndGlobalSection
	GlobalSection(ProjectConfigurationPlatforms) = postSolution
		{20A5FFE5-836E-4067-ACB3-A1E03CAC1FFC}.Debug|Any CPU.ActiveCfg = Debug|Any CPU
		{20A5FFE5-836E-4067-ACB3-A1E03CAC1FFC}.Debug|Any CPU.Build.0 = Debug|Any CPU
		{20A5FFE5-836E-4067-ACB3-A1E03CAC1FFC}.Release|Any CPU.ActiveCfg = Release|Any CPU
		{20A5FFE5-836E-4067-ACB3-A1E03CAC1FFC}.Release|Any CPU.Build.0 = Release|Any CPU
		{93A9DE06-4D50-4EFB-8BBC-EFE7277B78DC}.Debug|Any CPU.ActiveCfg = Debug|Any CPU
		{93A9DE06-4D50-4EFB-8BBC-EFE7277B78DC}.Debug|Any CPU.Build.0 = Debug|Any CPU
		{93A9DE06-4D50-4EFB-8BBC-EFE7277B78DC}.Release|Any CPU.ActiveCfg = Release|Any CPU
		{93A9DE06-4D50-4EFB-8BBC-EFE7277B78DC}.Release|Any CPU.Build.0 = Release|Any CPU
		{22C4B8EF-A2DB-462A-83EE-5E35D592BB71}.Debug|Any CPU.ActiveCfg = Debug|Any CPU
		{22C4B8EF-A2DB-462A-83EE-5E35D592BB71}.Debug|Any CPU.Build.0 = Debug|Any CPU
		{22C4B8EF-A2DB-462A-83EE-5E35D592BB71}.Release|Any CPU.ActiveCfg = Release|Any CPU
		{22C4B8EF-A2DB-462A-83EE-5E35D592BB71}.Release|Any CPU.Build.0 = Release|Any CPU
		{507AAB14-8377-41AD-BF42-C198CD737CE8}.Debug|Any CPU.ActiveCfg = Debug|Any CPU
		{507AAB14-8377-41AD-BF42-C198CD737CE8}.Debug|Any CPU.Build.0 = Debug|Any CPU
		{507AAB14-8377-41AD-BF42-C198CD737CE8}.Release|Any CPU.ActiveCfg = Release|Any CPU
		{507AAB14-8377-41AD-BF42-C198CD737CE8}.Release|Any CPU.Build.0 = Release|Any CPU
		{1445366B-C80B-4F7F-A161-6E76BD86D039}.Debug|Any CPU.ActiveCfg = Debug|Any CPU
		{1445366B-C80B-4F7F-A161-6E76BD86D039}.Debug|Any CPU.Build.0 = Debug|Any CPU
		{1445366B-C80B-4F7F-A161-6E76BD86D039}.Release|Any CPU.ActiveCfg = Release|Any CPU
		{1445366B-C80B-4F7F-A161-6E76BD86D039}.Release|Any CPU.Build.0 = Release|Any CPU
	EndGlobalSection
	GlobalSection(SolutionProperties) = preSolution
		HideSolutionNode = FALSE
	EndGlobalSection
	GlobalSection(NestedProjects) = preSolution
		{20A5FFE5-836E-4067-ACB3-A1E03CAC1FFC} = {8F552C1C-5986-4DD0-AE54-85C29ED7A230}
		{93A9DE06-4D50-4EFB-8BBC-EFE7277B78DC} = {8F552C1C-5986-4DD0-AE54-85C29ED7A230}
		{22C4B8EF-A2DB-462A-83EE-5E35D592BB71} = {8F552C1C-5986-4DD0-AE54-85C29ED7A230}
		{507AAB14-8377-41AD-BF42-C198CD737CE8} = {4AF85A3C-8DF0-4D44-BBCA-37C9076C56A2}
		{1445366B-C80B-4F7F-A161-6E76BD86D039} = {4AF85A3C-8DF0-4D44-BBCA-37C9076C56A2}
	EndGlobalSection
	GlobalSection(ExtensibilityGlobals) = postSolution
		SolutionGuid = {1BF591FB-5B0B-48D9-9BE0-843D5AA8FFD1}
	EndGlobalSection
EndGlobal
